
Microsoft Visual Studio Solution File, Format Version 12.00
# Visual Studio Version 16
VisualStudioVersion = 16.0.32228.343
MinimumVisualStudioVersion = 10.0.40219.1
Project("{8BC9CEB8-8B4A-11D0-8D11-00A0C91BC942}") = "E03 Joshua D'Addio", "E03 Joshua D'Addio.vcxproj", "{73C05A07-8199-41B1-B579-9317FB1F9DC2}"
EndProject
Global
	GlobalSection(SolutionConfigurationPlatforms) = preSolution
		Debug|x64 = Debug|x64
		Debug|x86 = Debug|x86
		Release|x64 = Release|x64
		Release|x86 = Release|x86
	EndGlobalSection
	GlobalSection(ProjectConfigurationPlatforms) = postSolution
		{73C05A07-8199-41B1-B579-9317FB1F9DC2}.Debug|x64.ActiveCfg = Debug|x64
		{73C05A07-8199-41B1-B579-9317FB1F9DC2}.Debug|x64.Build.0 = Debug|x64
		{73C05A07-8199-41B1-B579-9317FB1F9DC2}.Debug|x86.ActiveCfg = Debug|Win32
		{73C05A07-8199-41B1-B579-9317FB1F9DC2}.Debug|x86.Build.0 = Debug|Win32
		{73C05A07-8199-41B1-B579-9317FB1F9DC2}.Release|x64.ActiveCfg = Release|x64
		{73C05A07-8199-41B1-B579-9317FB1F9DC2}.Release|x64.Build.0 = Release|x64
		{73C05A07-8199-41B1-B579-9317FB1F9DC2}.Release|x86.ActiveCfg = Release|Win32
		{73C05A07-8199-41B1-B579-9317FB1F9DC2}.Release|x86.Build.0 = Release|Win32
	EndGlobalSection
	GlobalSection(SolutionProperties) = preSolution
		HideSolutionNode = FALSE
	EndGlobalSection
	GlobalSection(ExtensibilityGlobals) = postSolution
		SolutionGuid = {1357E0E1-065F-4FF7-A484-3D4A15547082}
	EndGlobalSection
EndGlobal
